// !$*UTF8*$!
{
	archiveVersion = 1;
	classes = {
	};
	objectVersion = 46;
	objects = {

/* Begin PBXBuildFile section */
		DE2C4AE619DCB1EE00DF3DF7 /* main.m in Sources */ = {isa = PBXBuildFile; fileRef = DE2C4AE519DCB1EE00DF3DF7 /* main.m */; };
		DE2C4AE919DCB1EE00DF3DF7 /* AppDelegate.m in Sources */ = {isa = PBXBuildFile; fileRef = DE2C4AE819DCB1EE00DF3DF7 /* AppDelegate.m */; };
		DE2C4AEC19DCB1EE00DF3DF7 /* ViewController.m in Sources */ = {isa = PBXBuildFile; fileRef = DE2C4AEB19DCB1EE00DF3DF7 /* ViewController.m */; };
		DE2C4AEF19DCB1EE00DF3DF7 /* Main.storyboard in Resources */ = {isa = PBXBuildFile; fileRef = DE2C4AED19DCB1EE00DF3DF7 /* Main.storyboard */; };
		DE2C4AF119DCB1EE00DF3DF7 /* Images.xcassets in Resources */ = {isa = PBXBuildFile; fileRef = DE2C4AF019DCB1EE00DF3DF7 /* Images.xcassets */; };
		DE2C4AF419DCB1EE00DF3DF7 /* LaunchScreen.xib in Resources */ = {isa = PBXBuildFile; fileRef = DE2C4AF219DCB1EE00DF3DF7 /* LaunchScreen.xib */; };
		DE2C4B0019DCB1EE00DF3DF7 /* RibbitTests.m in Sources */ = {isa = PBXBuildFile; fileRef = DE2C4AFF19DCB1EE00DF3DF7 /* RibbitTests.m */; };
/* End PBXBuildFile section */

/* Begin PBXContainerItemProxy section */
		DE2C4AFA19DCB1EE00DF3DF7 /* PBXContainerItemProxy */ = {
			isa = PBXContainerItemProxy;
			containerPortal = DE2C4AD819DCB1EE00DF3DF7 /* Project object */;
			proxyType = 1;
			remoteGlobalIDString = DE2C4ADF19DCB1EE00DF3DF7;
			remoteInfo = Ribbit;
		};
/* End PBXContainerItemProxy section */

/* Begin PBXFileReference section */
		DE2C4AE019DCB1EE00DF3DF7 /* Ribbit.app */ = {isa = PBXFileReference; explicitFileType = wrapper.application; includeInIndex = 0; path = Ribbit.app; sourceTree = BUILT_PRODUCTS_DIR; };
		DE2C4AE419DCB1EE00DF3DF7 /* Info.plist */ = {isa = PBXFileReference; lastKnownFileType = text.plist.xml; path = Info.plist; sourceTree = "<group>"; };
		DE2C4AE519DCB1EE00DF3DF7 /* main.m */ = {isa = PBXFileReference; lastKnownFileType = sourcecode.c.objc; path = main.m; sourceTree = "<group>"; };
		DE2C4AE719DCB1EE00DF3DF7 /* AppDelegate.h */ = {isa = PBXFileReference; lastKnownFileType = sourcecode.c.h; path = AppDelegate.h; sourceTree = "<group>"; };
		DE2C4AE819DCB1EE00DF3DF7 /* AppDelegate.m */ = {isa = PBXFileReference; lastKnownFileType = sourcecode.c.objc; path = AppDelegate.m; sourceTree = "<group>"; };
		DE2C4AEA19DCB1EE00DF3DF7 /* ViewController.h */ = {isa = PBXFileReference; lastKnownFileType = sourcecode.c.h; path = ViewController.h; sourceTree = "<group>"; };
		DE2C4AEB19DCB1EE00DF3DF7 /* ViewController.m */ = {isa = PBXFileReference; lastKnownFileType = sourcecode.c.objc; path = ViewController.m; sourceTree = "<group>"; };
		DE2C4AEE19DCB1EE00DF3DF7 /* Base */ = {isa = PBXFileReference; lastKnownFileType = file.storyboard; name = Base; path = Base.lproj/Main.storyboard; sourceTree = "<group>"; };
		DE2C4AF019DCB1EE00DF3DF7 /* Images.xcassets */ = {isa = PBXFileReference; lastKnownFileType = folder.assetcatalog; path = Images.xcassets; sourceTree = "<group>"; };
		DE2C4AF319DCB1EE00DF3DF7 /* Base */ = {isa = PBXFileReference; lastKnownFileType = file.xib; name = Base; path = Base.lproj/LaunchScreen.xib; sourceTree = "<group>"; };
		DE2C4AF919DCB1EE00DF3DF7 /* RibbitTests.xctest */ = {isa = PBXFileReference; explicitFileType = wrapper.cfbundle; includeInIndex = 0; path = RibbitTests.xctest; sourceTree = BUILT_PRODUCTS_DIR; };
		DE2C4AFE19DCB1EE00DF3DF7 /* Info.plist */ = {isa = PBXFileReference; lastKnownFileType = text.plist.xml; path = Info.plist; sourceTree = "<group>"; };
		DE2C4AFF19DCB1EE00DF3DF7 /* RibbitTests.m */ = {isa = PBXFileReference; lastKnownFileType = sourcecode.c.objc; path = RibbitTests.m; sourceTree = "<group>"; };
/* End PBXFileReference section */

/* Begin PBXFrameworksBuildPhase section */
		DE2C4ADD19DCB1EE00DF3DF7 /* Frameworks */ = {
			isa = PBXFrameworksBuildPhase;
			buildActionMask = 2147483647;
			files = (
			);
			runOnlyForDeploymentPostprocessing = 0;
		};
		DE2C4AF619DCB1EE00DF3DF7 /* Frameworks */ = {
			isa = PBXFrameworksBuildPhase;
			buildActionMask = 2147483647;
			files = (
			);
			runOnlyForDeploymentPostprocessing = 0;
		};
/* End PBXFrameworksBuildPhase section */

/* Begin PBXGroup section */
		DE2C4AD719DCB1EE00DF3DF7 = {
			isa = PBXGroup;
			children = (
				DE2C4AE219DCB1EE00DF3DF7 /* Ribbit */,
				DE2C4AFC19DCB1EE00DF3DF7 /* RibbitTests */,
				DE2C4AE119DCB1EE00DF3DF7 /* Products */,
			);
			sourceTree = "<group>";
		};
		DE2C4AE119DCB1EE00DF3DF7 /* Products */ = {
			isa = PBXGroup;
			children = (
				DE2C4AE019DCB1EE00DF3DF7 /* Ribbit.app */,
				DE2C4AF919DCB1EE00DF3DF7 /* RibbitTests.xctest */,
			);
			name = Products;
			sourceTree = "<group>";
		};
		DE2C4AE219DCB1EE00DF3DF7 /* Ribbit */ = {
			isa = PBXGroup;
			children = (
				DE2C4AE719DCB1EE00DF3DF7 /* AppDelegate.h */,
				DE2C4AE819DCB1EE00DF3DF7 /* AppDelegate.m */,
				DE2C4AEA19DCB1EE00DF3DF7 /* ViewController.h */,
				DE2C4AEB19DCB1EE00DF3DF7 /* ViewController.m */,
				DE2C4AED19DCB1EE00DF3DF7 /* Main.storyboard */,
				DE2C4AF019DCB1EE00DF3DF7 /* Images.xcassets */,
				DE2C4AF219DCB1EE00DF3DF7 /* LaunchScreen.xib */,
				DE2C4AE319DCB1EE00DF3DF7 /* Supporting Files */,
			);
			path = Ribbit;
			sourceTree = "<group>";
		};
		DE2C4AE319DCB1EE00DF3DF7 /* Supporting Files */ = {
			isa = PBXGroup;
			children = (
				DE2C4AE419DCB1EE00DF3DF7 /* Info.plist */,
				DE2C4AE519DCB1EE00DF3DF7 /* main.m */,
			);
			name = "Supporting Files";
			sourceTree = "<group>";
		};
		DE2C4AFC19DCB1EE00DF3DF7 /* RibbitTests */ = {
			isa = PBXGroup;
			children = (
				DE2C4AFF19DCB1EE00DF3DF7 /* RibbitTests.m */,
				DE2C4AFD19DCB1EE00DF3DF7 /* Supporting Files */,
			);
			path = RibbitTests;
			sourceTree = "<group>";
		};
		DE2C4AFD19DCB1EE00DF3DF7 /* Supporting Files */ = {
			isa = PBXGroup;
			children = (
				DE2C4AFE19DCB1EE00DF3DF7 /* Info.plist */,
			);
			name = "Supporting Files";
			sourceTree = "<group>";
		};
/* End PBXGroup section */

/* Begin PBXNativeTarget section */
		DE2C4ADF19DCB1EE00DF3DF7 /* Ribbit */ = {
			isa = PBXNativeTarget;
			buildConfigurationList = DE2C4B0319DCB1EE00DF3DF7 /* Build configuration list for PBXNativeTarget "Ribbit" */;
			buildPhases = (
				DE2C4ADC19DCB1EE00DF3DF7 /* Sources */,
				DE2C4ADD19DCB1EE00DF3DF7 /* Frameworks */,
				DE2C4ADE19DCB1EE00DF3DF7 /* Resources */,
			);
			buildRules = (
			);
			dependencies = (
			);
			name = Ribbit;
			productName = Ribbit;
			productReference = DE2C4AE019DCB1EE00DF3DF7 /* Ribbit.app */;
			productType = "com.apple.product-type.application";
		};
		DE2C4AF819DCB1EE00DF3DF7 /* RibbitTests */ = {
			isa = PBXNativeTarget;
			buildConfigurationList = DE2C4B0619DCB1EE00DF3DF7 /* Build configuration list for PBXNativeTarget "RibbitTests" */;
			buildPhases = (
				DE2C4AF519DCB1EE00DF3DF7 /* Sources */,
				DE2C4AF619DCB1EE00DF3DF7 /* Frameworks */,
				DE2C4AF719DCB1EE00DF3DF7 /* Resources */,
			);
			buildRules = (
			);
			dependencies = (
				DE2C4AFB19DCB1EE00DF3DF7 /* PBXTargetDependency */,
			);
			name = RibbitTests;
			productName = RibbitTests;
			productReference = DE2C4AF919DCB1EE00DF3DF7 /* RibbitTests.xctest */;
			productType = "com.apple.product-type.bundle.unit-test";
		};
/* End PBXNativeTarget section */

/* Begin PBXProject section */
		DE2C4AD819DCB1EE00DF3DF7 /* Project object */ = {
			isa = PBXProject;
			attributes = {
				LastUpgradeCheck = 0600;
				ORGANIZATIONNAME = "Noah Teshu";
				TargetAttributes = {
					DE2C4ADF19DCB1EE00DF3DF7 = {
						CreatedOnToolsVersion = 6.0.1;
					};
					DE2C4AF819DCB1EE00DF3DF7 = {
						CreatedOnToolsVersion = 6.0.1;
						TestTargetID = DE2C4ADF19DCB1EE00DF3DF7;
					};
				};
			};
			buildConfigurationList = DE2C4ADB19DCB1EE00DF3DF7 /* Build configuration list for PBXProject "Ribbit" */;
			compatibilityVersion = "Xcode 3.2";
			developmentRegion = English;
			hasScannedForEncodings = 0;
			knownRegions = (
				en,
				Base,
			);
			mainGroup = DE2C4AD719DCB1EE00DF3DF7;
			productRefGroup = DE2C4AE119DCB1EE00DF3DF7 /* Products */;
			projectDirPath = "";
			projectRoot = "";
			targets = (
				DE2C4ADF19DCB1EE00DF3DF7 /* Ribbit */,
				DE2C4AF819DCB1EE00DF3DF7 /* RibbitTests */,
			);
		};
/* End PBXProject section */

/* Begin PBXResourcesBuildPhase section */
		DE2C4ADE19DCB1EE00DF3DF7 /* Resources */ = {
			isa = PBXResourcesBuildPhase;
			buildActionMask = 2147483647;
			files = (
				DE2C4AEF19DCB1EE00DF3DF7 /* Main.storyboard in Resources */,
				DE2C4AF419DCB1EE00DF3DF7 /* LaunchScreen.xib in Resources */,
				DE2C4AF119DCB1EE00DF3DF7 /* Images.xcassets in Resources */,
			);
			runOnlyForDeploymentPostprocessing = 0;
		};
		DE2C4AF719DCB1EE00DF3DF7 /* Resources */ = {
			isa = PBXResourcesBuildPhase;
			buildActionMask = 2147483647;
			files = (
			);
			runOnlyForDeploymentPostprocessing = 0;
		};
/* End PBXResourcesBuildPhase section */

/* Begin PBXSourcesBuildPhase section */
		DE2C4ADC19DCB1EE00DF3DF7 /* Sources */ = {
			isa = PBXSourcesBuildPhase;
			buildActionMask = 2147483647;
			files = (
				DE2C4AEC19DCB1EE00DF3DF7 /* ViewController.m in Sources */,
				DE2C4AE919DCB1EE00DF3DF7 /* AppDelegate.m in Sources */,
				DE2C4AE619DCB1EE00DF3DF7 /* main.m in Sources */,
			);
			runOnlyForDeploymentPostprocessing = 0;
		};
		DE2C4AF519DCB1EE00DF3DF7 /* Sources */ = {
			isa = PBXSourcesBuildPhase;
			buildActionMask = 2147483647;
			files = (
				DE2C4B0019DCB1EE00DF3DF7 /* RibbitTests.m in Sources */,
			);
			runOnlyForDeploymentPostprocessing = 0;
		};
/* End PBXSourcesBuildPhase section */

/* Begin PBXTargetDependency section */
		DE2C4AFB19DCB1EE00DF3DF7 /* PBXTargetDependency */ = {
			isa = PBXTargetDependency;
			target = DE2C4ADF19DCB1EE00DF3DF7 /* Ribbit */;
			targetProxy = DE2C4AFA19DCB1EE00DF3DF7 /* PBXContainerItemProxy */;
		};
/* End PBXTargetDependency section */

/* Begin PBXVariantGroup section */
		DE2C4AED19DCB1EE00DF3DF7 /* Main.storyboard */ = {
			isa = PBXVariantGroup;
			children = (
				DE2C4AEE19DCB1EE00DF3DF7 /* Base */,
			);
			name = Main.storyboard;
			sourceTree = "<group>";
		};
		DE2C4AF219DCB1EE00DF3DF7 /* LaunchScreen.xib */ = {
			isa = PBXVariantGroup;
			children = (
				DE2C4AF319DCB1EE00DF3DF7 /* Base */,
			);
			name = LaunchScreen.xib;
			sourceTree = "<group>";
		};
/* End PBXVariantGroup section */

/* Begin XCBuildConfiguration section */
		DE2C4B0119DCB1EE00DF3DF7 /* Debug */ = {
			isa = XCBuildConfiguration;
			buildSettings = {
				ALWAYS_SEARCH_USER_PATHS = NO;
				CLANG_CXX_LANGUAGE_STANDARD = "gnu++0x";
				CLANG_CXX_LIBRARY = "libc++";
				CLANG_ENABLE_MODULES = YES;
				CLANG_ENABLE_OBJC_ARC = YES;
				CLANG_WARN_BOOL_CONVERSION = YES;
				CLANG_WARN_CONSTANT_CONVERSION = YES;
				CLANG_WARN_DIRECT_OBJC_ISA_USAGE = YES_ERROR;
				CLANG_WARN_EMPTY_BODY = YES;
				CLANG_WARN_ENUM_CONVERSION = YES;
				CLANG_WARN_INT_CONVERSION = YES;
				CLANG_WARN_OBJC_ROOT_CLASS = YES_ERROR;
				CLANG_WARN_UNREACHABLE_CODE = YES;
				CLANG_WARN__DUPLICATE_METHOD_MATCH = YES;
				"CODE_SIGN_IDENTITY[sdk=iphoneos*]" = "iPhone Developer";
				COPY_PHASE_STRIP = NO;
				ENABLE_STRICT_OBJC_MSGSEND = YES;
				GCC_C_LANGUAGE_STANDARD = gnu99;
				GCC_DYNAMIC_NO_PIC = NO;
				GCC_OPTIMIZATION_LEVEL = 0;
				GCC_PREPROCESSOR_DEFINITIONS = (
					"DEBUG=1",
					"$(inherited)",
				);
				GCC_SYMBOLS_PRIVATE_EXTERN = NO;
				GCC_WARN_64_TO_32_BIT_CONVERSION = YES;
				GCC_WARN_ABOUT_RETURN_TYPE = YES_ERROR;
				GCC_WARN_UNDECLARED_SELECTOR = YES;
				GCC_WARN_UNINITIALIZED_AUTOS = YES_AGGRESSIVE;
				GCC_WARN_UNUSED_FUNCTION = YES;
				GCC_WARN_UNUSED_VARIABLE = YES;
				IPHONEOS_DEPLOYMENT_TARGET = 8.0;
				MTL_ENABLE_DEBUG_INFO = YES;
				ONLY_ACTIVE_ARCH = YES;
				SDKROOT = iphoneos;
			};
			name = Debug;
		};
		DE2C4B0219DCB1EE00DF3DF7 /* Release */ = {
			isa = XCBuildConfiguration;
			buildSettings = {
				ALWAYS_SEARCH_USER_PATHS = NO;
				CLANG_CXX_LANGUAGE_STANDARD = "gnu++0x";
				CLANG_CXX_LIBRARY = "libc++";
				CLANG_ENABLE_MODULES = YES;
				CLANG_ENABLE_OBJC_ARC = YES;
				CLANG_WARN_BOOL_CONVERSION = YES;
				CLANG_WARN_CONSTANT_CONVERSION = YES;
				CLANG_WARN_DIRECT_OBJC_ISA_USAGE = YES_ERROR;
				CLANG_WARN_EMPTY_BODY = YES;
				CLANG_WARN_ENUM_CONVERSION = YES;
				CLANG_WARN_INT_CONVERSION = YES;
				CLANG_WARN_OBJC_ROOT_CLASS = YES_ERROR;
				CLANG_WARN_UNREACHABLE_CODE = YES;
				CLANG_WARN__DUPLICATE_METHOD_MATCH = YES;
				"CODE_SIGN_IDENTITY[sdk=iphoneos*]" = "iPhone Developer";
				COPY_PHASE_STRIP = YES;
				ENABLE_NS_ASSERTIONS = NO;
				ENABLE_STRICT_OBJC_MSGSEND = YES;
				GCC_C_LANGUAGE_STANDARD = gnu99;
				GCC_WARN_64_TO_32_BIT_CONVERSION = YES;
				GCC_WARN_ABOUT_RETURN_TYPE = YES_ERROR;
				GCC_WARN_UNDECLARED_SELECTOR = YES;
				GCC_WARN_UNINITIALIZED_AUTOS = YES_AGGRESSIVE;
				GCC_WARN_UNUSED_FUNCTION = YES;
				GCC_WARN_UNUSED_VARIABLE = YES;
				IPHONEOS_DEPLOYMENT_TARGET = 8.0;
				MTL_ENABLE_DEBUG_INFO = NO;
				SDKROOT = iphoneos;
				VALIDATE_PRODUCT = YES;
			};
			name = Release;
		};
		DE2C4B0419DCB1EE00DF3DF7 /* Debug */ = {
			isa = XCBuildConfiguration;
			buildSettings = {
				ASSETCATALOG_COMPILER_APPICON_NAME = AppIcon;
				INFOPLIST_FILE = Ribbit/Info.plist;
				LD_RUNPATH_SEARCH_PATHS = "$(inherited) @executable_path/Frameworks";
				PRODUCT_NAME = "$(TARGET_NAME)";
			};
			name = Debug;
		};
		DE2C4B0519DCB1EE00DF3DF7 /* Release */ = {
			isa = XCBuildConfiguration;
			buildSettings = {
				ASSETCATALOG_COMPILER_APPICON_NAME = AppIcon;
				INFOPLIST_FILE = Ribbit/Info.plist;
				LD_RUNPATH_SEARCH_PATHS = "$(inherited) @executable_path/Frameworks";
				PRODUCT_NAME = "$(TARGET_NAME)";
			};
			name = Release;
		};
		DE2C4B0719DCB1EE00DF3DF7 /* Debug */ = {
			isa = XCBuildConfiguration;
			buildSettings = {
				BUNDLE_LOADER = "$(TEST_HOST)";
				FRAMEWORK_SEARCH_PATHS = (
					"$(SDKROOT)/Developer/Library/Frameworks",
					"$(inherited)",
				);
				GCC_PREPROCESSOR_DEFINITIONS = (
					"DEBUG=1",
					"$(inherited)",
				);
				INFOPLIST_FILE = RibbitTests/Info.plist;
				LD_RUNPATH_SEARCH_PATHS = "$(inherited) @executable_path/Frameworks @loader_path/Frameworks";
				PRODUCT_NAME = "$(TARGET_NAME)";
				TEST_HOST = "$(BUILT_PRODUCTS_DIR)/Ribbit.app/Ribbit";
			};
			name = Debug;
		};
		DE2C4B0819DCB1EE00DF3DF7 /* Release */ = {
			isa = XCBuildConfiguration;
			buildSettings = {
				BUNDLE_LOADER = "$(TEST_HOST)";
				FRAMEWORK_SEARCH_PATHS = (
					"$(SDKROOT)/Developer/Library/Frameworks",
					"$(inherited)",
				);
				INFOPLIST_FILE = RibbitTests/Info.plist;
				LD_RUNPATH_SEARCH_PATHS = "$(inherited) @executable_path/Frameworks @loader_path/Frameworks";
				PRODUCT_NAME = "$(TARGET_NAME)";
				TEST_HOST = "$(BUILT_PRODUCTS_DIR)/Ribbit.app/Ribbit";
			};
			name = Release;
		};
/* End XCBuildConfiguration section */

/* Begin XCConfigurationList section */
		DE2C4ADB19DCB1EE00DF3DF7 /* Build configuration list for PBXProject "Ribbit" */ = {
			isa = XCConfigurationList;
			buildConfigurations = (
				DE2C4B0119DCB1EE00DF3DF7 /* Debug */,
				DE2C4B0219DCB1EE00DF3DF7 /* Release */,
			);
			defaultConfigurationIsVisible = 0;
			defaultConfigurationName = Release;
		};
		DE2C4B0319DCB1EE00DF3DF7 /* Build configuration list for PBXNativeTarget "Ribbit" */ = {
			isa = XCConfigurationList;
			buildConfigurations = (
				DE2C4B0419DCB1EE00DF3DF7 /* Debug */,
				DE2C4B0519DCB1EE00DF3DF7 /* Release */,
			);
			defaultConfigurationIsVisible = 0;
		};
		DE2C4B0619DCB1EE00DF3DF7 /* Build configuration list for PBXNativeTarget "RibbitTests" */ = {
			isa = XCConfigurationList;
			buildConfigurations = (
				DE2C4B0719DCB1EE00DF3DF7 /* Debug */,
				DE2C4B0819DCB1EE00DF3DF7 /* Release */,
			);
			defaultConfigurationIsVisible = 0;
		};
/* End XCConfigurationList section */
	};
	rootObject = DE2C4AD819DCB1EE00DF3DF7 /* Project object */;
}
