// !$*UTF8*$!
{
	archiveVersion = 1;
	classes = {
	};
	objectVersion = 46;
	objects = {

/* Begin PBXBuildFile section */
		4FA106E6E3B1AA2E559A15BD /* libPods.a in Frameworks */ = {isa = PBXBuildFile; fileRef = F9619B605FFD9F292A885F97 /* libPods.a */; };
		DE25E25519E7697A003B201E /* Podfile in Resources */ = {isa = PBXBuildFile; fileRef = DE25E25419E7697A003B201E /* Podfile */; };
		DE2C4AE619DCB1EE00DF3DF7 /* main.m in Sources */ = {isa = PBXBuildFile; fileRef = DE2C4AE519DCB1EE00DF3DF7 /* main.m */; };
		DE2C4AE919DCB1EE00DF3DF7 /* AppDelegate.m in Sources */ = {isa = PBXBuildFile; fileRef = DE2C4AE819DCB1EE00DF3DF7 /* AppDelegate.m */; };
		DE2C4AEC19DCB1EE00DF3DF7 /* ViewController.m in Sources */ = {isa = PBXBuildFile; fileRef = DE2C4AEB19DCB1EE00DF3DF7 /* ViewController.m */; };
		DE2C4AEF19DCB1EE00DF3DF7 /* Main.storyboard in Resources */ = {isa = PBXBuildFile; fileRef = DE2C4AED19DCB1EE00DF3DF7 /* Main.storyboard */; };
		DE2C4AF419DCB1EE00DF3DF7 /* LaunchScreen.xib in Resources */ = {isa = PBXBuildFile; fileRef = DE2C4AF219DCB1EE00DF3DF7 /* LaunchScreen.xib */; };
		DE2C4B0019DCB1EE00DF3DF7 /* RibbitTests.m in Sources */ = {isa = PBXBuildFile; fileRef = DE2C4AFF19DCB1EE00DF3DF7 /* RibbitTests.m */; };
		DE2C4B0B19DCB30100DF3DF7 /* InboxViewController.m in Sources */ = {isa = PBXBuildFile; fileRef = DE2C4B0A19DCB30100DF3DF7 /* InboxViewController.m */; };
		DE5B17D219DCBA0300A92150 /* LoginViewController.m in Sources */ = {isa = PBXBuildFile; fileRef = DE5B17D119DCBA0300A92150 /* LoginViewController.m */; };
		DE5B17D519DCBA4F00A92150 /* SignupViewController.m in Sources */ = {isa = PBXBuildFile; fileRef = DE5B17D419DCBA4F00A92150 /* SignupViewController.m */; };
		DE5B17D819DCC4C700A92150 /* Bolts.framework in Frameworks */ = {isa = PBXBuildFile; fileRef = DE5B17D619DCC4C700A92150 /* Bolts.framework */; };
		DE5B17D919DCC4C700A92150 /* Parse.framework in Frameworks */ = {isa = PBXBuildFile; fileRef = DE5B17D719DCC4C700A92150 /* Parse.framework */; };
		DE5B17DC19DCC4F700A92150 /* AudioToolbox.framework in Frameworks */ = {isa = PBXBuildFile; fileRef = DE5B17DB19DCC4F700A92150 /* AudioToolbox.framework */; };
		DE5B17DE19DCC50100A92150 /* CFNetwork.framework in Frameworks */ = {isa = PBXBuildFile; fileRef = DE5B17DD19DCC50100A92150 /* CFNetwork.framework */; };
		DE5B17E019DCC50B00A92150 /* CoreGraphics.framework in Frameworks */ = {isa = PBXBuildFile; fileRef = DE5B17DF19DCC50B00A92150 /* CoreGraphics.framework */; };
		DE5B17E219DCC51400A92150 /* CoreLocation.framework in Frameworks */ = {isa = PBXBuildFile; fileRef = DE5B17E119DCC51400A92150 /* CoreLocation.framework */; };
		DE5B17E519DCC52600A92150 /* libz.1.1.3.dylib in Frameworks */ = {isa = PBXBuildFile; fileRef = DE5B17E319DCC52600A92150 /* libz.1.1.3.dylib */; };
		DE5B17E619DCC52600A92150 /* libz.dylib in Frameworks */ = {isa = PBXBuildFile; fileRef = DE5B17E419DCC52600A92150 /* libz.dylib */; };
		DE5B17E819DCC52F00A92150 /* MobileCoreServices.framework in Frameworks */ = {isa = PBXBuildFile; fileRef = DE5B17E719DCC52F00A92150 /* MobileCoreServices.framework */; };
		DE5B17EA19DCC53C00A92150 /* QuartzCore.framework in Frameworks */ = {isa = PBXBuildFile; fileRef = DE5B17E919DCC53C00A92150 /* QuartzCore.framework */; };
		DE5B17EC19DCC54500A92150 /* Security.framework in Frameworks */ = {isa = PBXBuildFile; fileRef = DE5B17EB19DCC54500A92150 /* Security.framework */; };
		DE5B17EE19DCC54F00A92150 /* StoreKit.framework in Frameworks */ = {isa = PBXBuildFile; fileRef = DE5B17ED19DCC54F00A92150 /* StoreKit.framework */; };
		DE5B17F019DCC55600A92150 /* SystemConfiguration.framework in Frameworks */ = {isa = PBXBuildFile; fileRef = DE5B17EF19DCC55600A92150 /* SystemConfiguration.framework */; };
		DE653E6919DDE94B006F9356 /* EditFriendsViewController.m in Sources */ = {isa = PBXBuildFile; fileRef = DE653E6819DDE94B006F9356 /* EditFriendsViewController.m */; };
		DE653E6C19DDFC41006F9356 /* FriendsViewController.m in Sources */ = {isa = PBXBuildFile; fileRef = DE653E6B19DDFC41006F9356 /* FriendsViewController.m */; };
		DE69F62A19E2F5F000EA509D /* MediaPlayer.framework in Frameworks */ = {isa = PBXBuildFile; fileRef = DE69F62919E2F5F000EA509D /* MediaPlayer.framework */; };
		DE7AF19219E758EA003319E1 /* Images.xcassets in Resources */ = {isa = PBXBuildFile; fileRef = DE7AF19119E758EA003319E1 /* Images.xcassets */; };
		DE89AD1019DE246E00933F92 /* CameraViewController.m in Sources */ = {isa = PBXBuildFile; fileRef = DE89AD0F19DE246E00933F92 /* CameraViewController.m */; };
		DEADE32819E1062E0091A5E4 /* Accounts.framework in Frameworks */ = {isa = PBXBuildFile; fileRef = DEADE32719E1062E0091A5E4 /* Accounts.framework */; };
		DEADE32A19E107170091A5E4 /* Social.framework in Frameworks */ = {isa = PBXBuildFile; fileRef = DEADE32919E107170091A5E4 /* Social.framework */; };
		DEBABED319E1F4BD008AF7CE /* ImageViewController.m in Sources */ = {isa = PBXBuildFile; fileRef = DEBABED219E1F4BD008AF7CE /* ImageViewController.m */; };
		DEBABED519E201DE008AF7CE /* Foundation.framework in Frameworks */ = {isa = PBXBuildFile; fileRef = DEBABED419E201DE008AF7CE /* Foundation.framework */; };
		DEC3EF2719E101C200B72221 /* TemplateIcon2x.png in Resources */ = {isa = PBXBuildFile; fileRef = DEC3EF2519E101C200B72221 /* TemplateIcon2x.png */; };
/* End PBXBuildFile section */

/* Begin PBXContainerItemProxy section */
		DE2C4AFA19DCB1EE00DF3DF7 /* PBXContainerItemProxy */ = {
			isa = PBXContainerItemProxy;
			containerPortal = DE2C4AD819DCB1EE00DF3DF7 /* Project object */;
			proxyType = 1;
			remoteGlobalIDString = DE2C4ADF19DCB1EE00DF3DF7;
			remoteInfo = Ribbit;
		};
/* End PBXContainerItemProxy section */

/* Begin PBXFileReference section */
		1A0B48D14A95FA0A5430C1BD /* Pods.release.xcconfig */ = {isa = PBXFileReference; includeInIndex = 1; lastKnownFileType = text.xcconfig; name = Pods.release.xcconfig; path = "Pods/Target Support Files/Pods/Pods.release.xcconfig"; sourceTree = "<group>"; };
		41BD38F6F77057A6359D10E4 /* Pods.debug.xcconfig */ = {isa = PBXFileReference; includeInIndex = 1; lastKnownFileType = text.xcconfig; name = Pods.debug.xcconfig; path = "Pods/Target Support Files/Pods/Pods.debug.xcconfig"; sourceTree = "<group>"; };
		DE25E25419E7697A003B201E /* Podfile */ = {isa = PBXFileReference; fileEncoding = 4; lastKnownFileType = text; path = Podfile; sourceTree = "<group>"; xcLanguageSpecificationIdentifier = xcode.lang.ruby; };
		DE2C4AE019DCB1EE00DF3DF7 /* Ribbit.app */ = {isa = PBXFileReference; explicitFileType = wrapper.application; includeInIndex = 0; path = Ribbit.app; sourceTree = BUILT_PRODUCTS_DIR; };
		DE2C4AE419DCB1EE00DF3DF7 /* Info.plist */ = {isa = PBXFileReference; lastKnownFileType = text.plist.xml; path = Info.plist; sourceTree = "<group>"; };
		DE2C4AE519DCB1EE00DF3DF7 /* main.m */ = {isa = PBXFileReference; lastKnownFileType = sourcecode.c.objc; path = main.m; sourceTree = "<group>"; };
		DE2C4AE719DCB1EE00DF3DF7 /* AppDelegate.h */ = {isa = PBXFileReference; lastKnownFileType = sourcecode.c.h; path = AppDelegate.h; sourceTree = "<group>"; };
		DE2C4AE819DCB1EE00DF3DF7 /* AppDelegate.m */ = {isa = PBXFileReference; lastKnownFileType = sourcecode.c.objc; path = AppDelegate.m; sourceTree = "<group>"; };
		DE2C4AEA19DCB1EE00DF3DF7 /* ViewController.h */ = {isa = PBXFileReference; lastKnownFileType = sourcecode.c.h; path = ViewController.h; sourceTree = "<group>"; };
		DE2C4AEB19DCB1EE00DF3DF7 /* ViewController.m */ = {isa = PBXFileReference; lastKnownFileType = sourcecode.c.objc; path = ViewController.m; sourceTree = "<group>"; };
		DE2C4AEE19DCB1EE00DF3DF7 /* Base */ = {isa = PBXFileReference; lastKnownFileType = file.storyboard; name = Base; path = Base.lproj/Main.storyboard; sourceTree = "<group>"; };
		DE2C4AF319DCB1EE00DF3DF7 /* Base */ = {isa = PBXFileReference; lastKnownFileType = file.xib; name = Base; path = Base.lproj/LaunchScreen.xib; sourceTree = "<group>"; };
		DE2C4AF919DCB1EE00DF3DF7 /* RibbitTests.xctest */ = {isa = PBXFileReference; explicitFileType = wrapper.cfbundle; includeInIndex = 0; path = RibbitTests.xctest; sourceTree = BUILT_PRODUCTS_DIR; };
		DE2C4AFE19DCB1EE00DF3DF7 /* Info.plist */ = {isa = PBXFileReference; lastKnownFileType = text.plist.xml; path = Info.plist; sourceTree = "<group>"; };
		DE2C4AFF19DCB1EE00DF3DF7 /* RibbitTests.m */ = {isa = PBXFileReference; lastKnownFileType = sourcecode.c.objc; path = RibbitTests.m; sourceTree = "<group>"; };
		DE2C4B0919DCB30100DF3DF7 /* InboxViewController.h */ = {isa = PBXFileReference; fileEncoding = 4; lastKnownFileType = sourcecode.c.h; path = InboxViewController.h; sourceTree = "<group>"; };
		DE2C4B0A19DCB30100DF3DF7 /* InboxViewController.m */ = {isa = PBXFileReference; fileEncoding = 4; lastKnownFileType = sourcecode.c.objc; path = InboxViewController.m; sourceTree = "<group>"; };
		DE315AEE19E102D000346027 /* TemplateIcon2x.png */ = {isa = PBXFileReference; lastKnownFileType = image.png; path = TemplateIcon2x.png; sourceTree = "<group>"; };
		DE5B17D019DCBA0300A92150 /* LoginViewController.h */ = {isa = PBXFileReference; fileEncoding = 4; lastKnownFileType = sourcecode.c.h; path = LoginViewController.h; sourceTree = "<group>"; };
		DE5B17D119DCBA0300A92150 /* LoginViewController.m */ = {isa = PBXFileReference; fileEncoding = 4; lastKnownFileType = sourcecode.c.objc; path = LoginViewController.m; sourceTree = "<group>"; };
		DE5B17D319DCBA4F00A92150 /* SignupViewController.h */ = {isa = PBXFileReference; fileEncoding = 4; lastKnownFileType = sourcecode.c.h; path = SignupViewController.h; sourceTree = "<group>"; };
		DE5B17D419DCBA4F00A92150 /* SignupViewController.m */ = {isa = PBXFileReference; fileEncoding = 4; lastKnownFileType = sourcecode.c.objc; path = SignupViewController.m; sourceTree = "<group>"; };
		DE5B17D619DCC4C700A92150 /* Bolts.framework */ = {isa = PBXFileReference; lastKnownFileType = wrapper.framework; path = Bolts.framework; sourceTree = "<group>"; };
		DE5B17D719DCC4C700A92150 /* Parse.framework */ = {isa = PBXFileReference; lastKnownFileType = wrapper.framework; path = Parse.framework; sourceTree = "<group>"; };
		DE5B17DB19DCC4F700A92150 /* AudioToolbox.framework */ = {isa = PBXFileReference; lastKnownFileType = wrapper.framework; name = AudioToolbox.framework; path = System/Library/Frameworks/AudioToolbox.framework; sourceTree = SDKROOT; };
		DE5B17DD19DCC50100A92150 /* CFNetwork.framework */ = {isa = PBXFileReference; lastKnownFileType = wrapper.framework; name = CFNetwork.framework; path = System/Library/Frameworks/CFNetwork.framework; sourceTree = SDKROOT; };
		DE5B17DF19DCC50B00A92150 /* CoreGraphics.framework */ = {isa = PBXFileReference; lastKnownFileType = wrapper.framework; name = CoreGraphics.framework; path = System/Library/Frameworks/CoreGraphics.framework; sourceTree = SDKROOT; };
		DE5B17E119DCC51400A92150 /* CoreLocation.framework */ = {isa = PBXFileReference; lastKnownFileType = wrapper.framework; name = CoreLocation.framework; path = System/Library/Frameworks/CoreLocation.framework; sourceTree = SDKROOT; };
		DE5B17E319DCC52600A92150 /* libz.1.1.3.dylib */ = {isa = PBXFileReference; lastKnownFileType = "compiled.mach-o.dylib"; name = libz.1.1.3.dylib; path = usr/lib/libz.1.1.3.dylib; sourceTree = SDKROOT; };
		DE5B17E419DCC52600A92150 /* libz.dylib */ = {isa = PBXFileReference; lastKnownFileType = "compiled.mach-o.dylib"; name = libz.dylib; path = usr/lib/libz.dylib; sourceTree = SDKROOT; };
		DE5B17E719DCC52F00A92150 /* MobileCoreServices.framework */ = {isa = PBXFileReference; lastKnownFileType = wrapper.framework; name = MobileCoreServices.framework; path = System/Library/Frameworks/MobileCoreServices.framework; sourceTree = SDKROOT; };
		DE5B17E919DCC53C00A92150 /* QuartzCore.framework */ = {isa = PBXFileReference; lastKnownFileType = wrapper.framework; name = QuartzCore.framework; path = System/Library/Frameworks/QuartzCore.framework; sourceTree = SDKROOT; };
		DE5B17EB19DCC54500A92150 /* Security.framework */ = {isa = PBXFileReference; lastKnownFileType = wrapper.framework; name = Security.framework; path = System/Library/Frameworks/Security.framework; sourceTree = SDKROOT; };
		DE5B17ED19DCC54F00A92150 /* StoreKit.framework */ = {isa = PBXFileReference; lastKnownFileType = wrapper.framework; name = StoreKit.framework; path = System/Library/Frameworks/StoreKit.framework; sourceTree = SDKROOT; };
		DE5B17EF19DCC55600A92150 /* SystemConfiguration.framework */ = {isa = PBXFileReference; lastKnownFileType = wrapper.framework; name = SystemConfiguration.framework; path = System/Library/Frameworks/SystemConfiguration.framework; sourceTree = SDKROOT; };
		DE653E6719DDE94B006F9356 /* EditFriendsViewController.h */ = {isa = PBXFileReference; fileEncoding = 4; lastKnownFileType = sourcecode.c.h; path = EditFriendsViewController.h; sourceTree = "<group>"; };
		DE653E6819DDE94B006F9356 /* EditFriendsViewController.m */ = {isa = PBXFileReference; fileEncoding = 4; lastKnownFileType = sourcecode.c.objc; path = EditFriendsViewController.m; sourceTree = "<group>"; };
		DE653E6A19DDFC41006F9356 /* FriendsViewController.h */ = {isa = PBXFileReference; fileEncoding = 4; lastKnownFileType = sourcecode.c.h; path = FriendsViewController.h; sourceTree = "<group>"; };
		DE653E6B19DDFC41006F9356 /* FriendsViewController.m */ = {isa = PBXFileReference; fileEncoding = 4; lastKnownFileType = sourcecode.c.objc; path = FriendsViewController.m; sourceTree = "<group>"; };
		DE69F62919E2F5F000EA509D /* MediaPlayer.framework */ = {isa = PBXFileReference; lastKnownFileType = wrapper.framework; name = MediaPlayer.framework; path = System/Library/Frameworks/MediaPlayer.framework; sourceTree = SDKROOT; };
		DE7AF19119E758EA003319E1 /* Images.xcassets */ = {isa = PBXFileReference; lastKnownFileType = folder.assetcatalog; path = Images.xcassets; sourceTree = "<group>"; };
		DE89AD0E19DE246E00933F92 /* CameraViewController.h */ = {isa = PBXFileReference; fileEncoding = 4; lastKnownFileType = sourcecode.c.h; path = CameraViewController.h; sourceTree = "<group>"; };
		DE89AD0F19DE246E00933F92 /* CameraViewController.m */ = {isa = PBXFileReference; fileEncoding = 4; lastKnownFileType = sourcecode.c.objc; path = CameraViewController.m; sourceTree = "<group>"; };
		DEADE32719E1062E0091A5E4 /* Accounts.framework */ = {isa = PBXFileReference; lastKnownFileType = wrapper.framework; name = Accounts.framework; path = System/Library/Frameworks/Accounts.framework; sourceTree = SDKROOT; };
		DEADE32919E107170091A5E4 /* Social.framework */ = {isa = PBXFileReference; lastKnownFileType = wrapper.framework; name = Social.framework; path = System/Library/Frameworks/Social.framework; sourceTree = SDKROOT; };
		DEBABED119E1F4BD008AF7CE /* ImageViewController.h */ = {isa = PBXFileReference; fileEncoding = 4; lastKnownFileType = sourcecode.c.h; path = ImageViewController.h; sourceTree = "<group>"; };
		DEBABED219E1F4BD008AF7CE /* ImageViewController.m */ = {isa = PBXFileReference; fileEncoding = 4; lastKnownFileType = sourcecode.c.objc; path = ImageViewController.m; sourceTree = "<group>"; };
		DEBABED419E201DE008AF7CE /* Foundation.framework */ = {isa = PBXFileReference; lastKnownFileType = wrapper.framework; name = Foundation.framework; path = System/Library/Frameworks/Foundation.framework; sourceTree = SDKROOT; };
		DEC3EF2519E101C200B72221 /* TemplateIcon2x.png */ = {isa = PBXFileReference; lastKnownFileType = image.png; path = TemplateIcon2x.png; sourceTree = "<group>"; };
		F9619B605FFD9F292A885F97 /* libPods.a */ = {isa = PBXFileReference; explicitFileType = archive.ar; includeInIndex = 0; path = libPods.a; sourceTree = BUILT_PRODUCTS_DIR; };
/* End PBXFileReference section */

/* Begin PBXFrameworksBuildPhase section */
		DE2C4ADD19DCB1EE00DF3DF7 /* Frameworks */ = {
			isa = PBXFrameworksBuildPhase;
			buildActionMask = 2147483647;
			files = (
				DE69F62A19E2F5F000EA509D /* MediaPlayer.framework in Frameworks */,
				DEBABED519E201DE008AF7CE /* Foundation.framework in Frameworks */,
				DEADE32A19E107170091A5E4 /* Social.framework in Frameworks */,
				DEADE32819E1062E0091A5E4 /* Accounts.framework in Frameworks */,
				DE5B17F019DCC55600A92150 /* SystemConfiguration.framework in Frameworks */,
				DE5B17EE19DCC54F00A92150 /* StoreKit.framework in Frameworks */,
				DE5B17EC19DCC54500A92150 /* Security.framework in Frameworks */,
				DE5B17EA19DCC53C00A92150 /* QuartzCore.framework in Frameworks */,
				DE5B17E819DCC52F00A92150 /* MobileCoreServices.framework in Frameworks */,
				DE5B17E519DCC52600A92150 /* libz.1.1.3.dylib in Frameworks */,
				DE5B17E619DCC52600A92150 /* libz.dylib in Frameworks */,
				DE5B17E219DCC51400A92150 /* CoreLocation.framework in Frameworks */,
				DE5B17E019DCC50B00A92150 /* CoreGraphics.framework in Frameworks */,
				DE5B17DE19DCC50100A92150 /* CFNetwork.framework in Frameworks */,
				DE5B17DC19DCC4F700A92150 /* AudioToolbox.framework in Frameworks */,
				DE5B17D919DCC4C700A92150 /* Parse.framework in Frameworks */,
				DE5B17D819DCC4C700A92150 /* Bolts.framework in Frameworks */,
				4FA106E6E3B1AA2E559A15BD /* libPods.a in Frameworks */,
			);
			runOnlyForDeploymentPostprocessing = 0;
		};
		DE2C4AF619DCB1EE00DF3DF7 /* Frameworks */ = {
			isa = PBXFrameworksBuildPhase;
			buildActionMask = 2147483647;
			files = (
			);
			runOnlyForDeploymentPostprocessing = 0;
		};
/* End PBXFrameworksBuildPhase section */

/* Begin PBXGroup section */
		B7BEDB471A5039ADBC30ADD7 /* Pods */ = {
			isa = PBXGroup;
			children = (
				41BD38F6F77057A6359D10E4 /* Pods.debug.xcconfig */,
				1A0B48D14A95FA0A5430C1BD /* Pods.release.xcconfig */,
			);
			name = Pods;
			sourceTree = "<group>";
		};
		DE2C4AD719DCB1EE00DF3DF7 = {
			isa = PBXGroup;
			children = (
				DE25E25419E7697A003B201E /* Podfile */,
				DE315AEE19E102D000346027 /* TemplateIcon2x.png */,
				DE2C4AE219DCB1EE00DF3DF7 /* Ribbit */,
				DE2C4AFC19DCB1EE00DF3DF7 /* RibbitTests */,
				DE2C4AE119DCB1EE00DF3DF7 /* Products */,
				DE5B17DA19DCC4D100A92150 /* Frameworks */,
				B7BEDB471A5039ADBC30ADD7 /* Pods */,
			);
			sourceTree = "<group>";
		};
		DE2C4AE119DCB1EE00DF3DF7 /* Products */ = {
			isa = PBXGroup;
			children = (
				DE2C4AE019DCB1EE00DF3DF7 /* Ribbit.app */,
				DE2C4AF919DCB1EE00DF3DF7 /* RibbitTests.xctest */,
			);
			name = Products;
			sourceTree = "<group>";
		};
		DE2C4AE219DCB1EE00DF3DF7 /* Ribbit */ = {
			isa = PBXGroup;
			children = (
				DE2C4AED19DCB1EE00DF3DF7 /* Main.storyboard */,
				DE2C4AE719DCB1EE00DF3DF7 /* AppDelegate.h */,
				DE2C4AE819DCB1EE00DF3DF7 /* AppDelegate.m */,
				DE2C4AEA19DCB1EE00DF3DF7 /* ViewController.h */,
				DE2C4AEB19DCB1EE00DF3DF7 /* ViewController.m */,
				DEBABED119E1F4BD008AF7CE /* ImageViewController.h */,
				DEBABED219E1F4BD008AF7CE /* ImageViewController.m */,
				DE653E6A19DDFC41006F9356 /* FriendsViewController.h */,
				DE653E6B19DDFC41006F9356 /* FriendsViewController.m */,
				DE653E6719DDE94B006F9356 /* EditFriendsViewController.h */,
				DE653E6819DDE94B006F9356 /* EditFriendsViewController.m */,
				DE7AF19119E758EA003319E1 /* Images.xcassets */,
				DE89AD0E19DE246E00933F92 /* CameraViewController.h */,
				DE89AD0F19DE246E00933F92 /* CameraViewController.m */,
				DEC3EF2519E101C200B72221 /* TemplateIcon2x.png */,
				DE5B17D319DCBA4F00A92150 /* SignupViewController.h */,
				DE5B17D419DCBA4F00A92150 /* SignupViewController.m */,
				DE5B17D019DCBA0300A92150 /* LoginViewController.h */,
				DE5B17D119DCBA0300A92150 /* LoginViewController.m */,
				DE2C4B0919DCB30100DF3DF7 /* InboxViewController.h */,
				DE2C4B0A19DCB30100DF3DF7 /* InboxViewController.m */,
				DE2C4AF219DCB1EE00DF3DF7 /* LaunchScreen.xib */,
				DE2C4AE319DCB1EE00DF3DF7 /* Supporting Files */,
			);
			path = Ribbit;
			sourceTree = "<group>";
		};
		DE2C4AE319DCB1EE00DF3DF7 /* Supporting Files */ = {
			isa = PBXGroup;
			children = (
				DE2C4AE419DCB1EE00DF3DF7 /* Info.plist */,
				DE2C4AE519DCB1EE00DF3DF7 /* main.m */,
			);
			name = "Supporting Files";
			sourceTree = "<group>";
		};
		DE2C4AFC19DCB1EE00DF3DF7 /* RibbitTests */ = {
			isa = PBXGroup;
			children = (
				DE2C4AFF19DCB1EE00DF3DF7 /* RibbitTests.m */,
				DE2C4AFD19DCB1EE00DF3DF7 /* Supporting Files */,
			);
			path = RibbitTests;
			sourceTree = "<group>";
		};
		DE2C4AFD19DCB1EE00DF3DF7 /* Supporting Files */ = {
			isa = PBXGroup;
			children = (
				DE2C4AFE19DCB1EE00DF3DF7 /* Info.plist */,
			);
			name = "Supporting Files";
			sourceTree = "<group>";
		};
		DE5B17DA19DCC4D100A92150 /* Frameworks */ = {
			isa = PBXGroup;
			children = (
				DE69F62919E2F5F000EA509D /* MediaPlayer.framework */,
				DEBABED419E201DE008AF7CE /* Foundation.framework */,
				DEADE32919E107170091A5E4 /* Social.framework */,
				DEADE32719E1062E0091A5E4 /* Accounts.framework */,
				DE5B17EF19DCC55600A92150 /* SystemConfiguration.framework */,
				DE5B17ED19DCC54F00A92150 /* StoreKit.framework */,
				DE5B17EB19DCC54500A92150 /* Security.framework */,
				DE5B17E919DCC53C00A92150 /* QuartzCore.framework */,
				DE5B17E719DCC52F00A92150 /* MobileCoreServices.framework */,
				DE5B17E319DCC52600A92150 /* libz.1.1.3.dylib */,
				DE5B17E419DCC52600A92150 /* libz.dylib */,
				DE5B17E119DCC51400A92150 /* CoreLocation.framework */,
				DE5B17DF19DCC50B00A92150 /* CoreGraphics.framework */,
				DE5B17DD19DCC50100A92150 /* CFNetwork.framework */,
				DE5B17DB19DCC4F700A92150 /* AudioToolbox.framework */,
				DE5B17D619DCC4C700A92150 /* Bolts.framework */,
				DE5B17D719DCC4C700A92150 /* Parse.framework */,
				F9619B605FFD9F292A885F97 /* libPods.a */,
			);
			name = Frameworks;
			sourceTree = "<group>";
		};
/* End PBXGroup section */

/* Begin PBXNativeTarget section */
		DE2C4ADF19DCB1EE00DF3DF7 /* Ribbit */ = {
			isa = PBXNativeTarget;
			buildConfigurationList = DE2C4B0319DCB1EE00DF3DF7 /* Build configuration list for PBXNativeTarget "Ribbit" */;
			buildPhases = (
				D140975505D285FC2F84E0F4 /* Check Pods Manifest.lock */,
				DE2C4ADC19DCB1EE00DF3DF7 /* Sources */,
				DE2C4ADD19DCB1EE00DF3DF7 /* Frameworks */,
				DE2C4ADE19DCB1EE00DF3DF7 /* Resources */,
				45217311797C81CBA26F4A47 /* Copy Pods Resources */,
			);
			buildRules = (
			);
			dependencies = (
			);
			name = Ribbit;
			productName = Ribbit;
			productReference = DE2C4AE019DCB1EE00DF3DF7 /* Ribbit.app */;
			productType = "com.apple.product-type.application";
		};
		DE2C4AF819DCB1EE00DF3DF7 /* RibbitTests */ = {
			isa = PBXNativeTarget;
			buildConfigurationList = DE2C4B0619DCB1EE00DF3DF7 /* Build configuration list for PBXNativeTarget "RibbitTests" */;
			buildPhases = (
				DE2C4AF519DCB1EE00DF3DF7 /* Sources */,
				DE2C4AF619DCB1EE00DF3DF7 /* Frameworks */,
				DE2C4AF719DCB1EE00DF3DF7 /* Resources */,
			);
			buildRules = (
			);
			dependencies = (
				DE2C4AFB19DCB1EE00DF3DF7 /* PBXTargetDependency */,
			);
			name = RibbitTests;
			productName = RibbitTests;
			productReference = DE2C4AF919DCB1EE00DF3DF7 /* RibbitTests.xctest */;
			productType = "com.apple.product-type.bundle.unit-test";
		};
/* End PBXNativeTarget section */

/* Begin PBXProject section */
		DE2C4AD819DCB1EE00DF3DF7 /* Project object */ = {
			isa = PBXProject;
			attributes = {
				LastUpgradeCheck = 0600;
				ORGANIZATIONNAME = "Noah Teshu";
				TargetAttributes = {
					DE2C4ADF19DCB1EE00DF3DF7 = {
						CreatedOnToolsVersion = 6.0.1;
					};
					DE2C4AF819DCB1EE00DF3DF7 = {
						CreatedOnToolsVersion = 6.0.1;
						TestTargetID = DE2C4ADF19DCB1EE00DF3DF7;
					};
				};
			};
			buildConfigurationList = DE2C4ADB19DCB1EE00DF3DF7 /* Build configuration list for PBXProject "Ribbit" */;
			compatibilityVersion = "Xcode 3.2";
			developmentRegion = English;
			hasScannedForEncodings = 0;
			knownRegions = (
				en,
				Base,
			);
			mainGroup = DE2C4AD719DCB1EE00DF3DF7;
			productRefGroup = DE2C4AE119DCB1EE00DF3DF7 /* Products */;
			projectDirPath = "";
			projectRoot = "";
			targets = (
				DE2C4ADF19DCB1EE00DF3DF7 /* Ribbit */,
				DE2C4AF819DCB1EE00DF3DF7 /* RibbitTests */,
			);
		};
/* End PBXProject section */

/* Begin PBXResourcesBuildPhase section */
		DE2C4ADE19DCB1EE00DF3DF7 /* Resources */ = {
			isa = PBXResourcesBuildPhase;
			buildActionMask = 2147483647;
			files = (
				DE25E25519E7697A003B201E /* Podfile in Resources */,
				DEC3EF2719E101C200B72221 /* TemplateIcon2x.png in Resources */,
				DE7AF19219E758EA003319E1 /* Images.xcassets in Resources */,
				DE2C4AEF19DCB1EE00DF3DF7 /* Main.storyboard in Resources */,
				DE2C4AF419DCB1EE00DF3DF7 /* LaunchScreen.xib in Resources */,
			);
			runOnlyForDeploymentPostprocessing = 0;
		};
		DE2C4AF719DCB1EE00DF3DF7 /* Resources */ = {
			isa = PBXResourcesBuildPhase;
			buildActionMask = 2147483647;
			files = (
			);
			runOnlyForDeploymentPostprocessing = 0;
		};
/* End PBXResourcesBuildPhase section */

/* Begin PBXShellScriptBuildPhase section */
		45217311797C81CBA26F4A47 /* Copy Pods Resources */ = {
			isa = PBXShellScriptBuildPhase;
			buildActionMask = 2147483647;
			files = (
			);
			inputPaths = (
			);
			name = "Copy Pods Resources";
			outputPaths = (
			);
			runOnlyForDeploymentPostprocessing = 0;
			shellPath = /bin/sh;
			shellScript = "\"${SRCROOT}/Pods/Target Support Files/Pods/Pods-resources.sh\"\n";
			showEnvVarsInLog = 0;
		};
		D140975505D285FC2F84E0F4 /* Check Pods Manifest.lock */ = {
			isa = PBXShellScriptBuildPhase;
			buildActionMask = 2147483647;
			files = (
			);
			inputPaths = (
			);
			name = "Check Pods Manifest.lock";
			outputPaths = (
			);
			runOnlyForDeploymentPostprocessing = 0;
			shellPath = /bin/sh;
			shellScript = "diff \"${PODS_ROOT}/../Podfile.lock\" \"${PODS_ROOT}/Manifest.lock\" > /dev/null\nif [[ $? != 0 ]] ; then\n    cat << EOM\nerror: The sandbox is not in sync with the Podfile.lock. Run 'pod install' or update your CocoaPods installation.\nEOM\n    exit 1\nfi\n";
			showEnvVarsInLog = 0;
		};
/* End PBXShellScriptBuildPhase section */

/* Begin PBXSourcesBuildPhase section */
		DE2C4ADC19DCB1EE00DF3DF7 /* Sources */ = {
			isa = PBXSourcesBuildPhase;
			buildActionMask = 2147483647;
			files = (
				DEBABED319E1F4BD008AF7CE /* ImageViewController.m in Sources */,
				DE5B17D519DCBA4F00A92150 /* SignupViewController.m in Sources */,
				DE2C4AEC19DCB1EE00DF3DF7 /* ViewController.m in Sources */,
				DE2C4AE919DCB1EE00DF3DF7 /* AppDelegate.m in Sources */,
				DE2C4AE619DCB1EE00DF3DF7 /* main.m in Sources */,
				DE653E6C19DDFC41006F9356 /* FriendsViewController.m in Sources */,
				DE653E6919DDE94B006F9356 /* EditFriendsViewController.m in Sources */,
				DE89AD1019DE246E00933F92 /* CameraViewController.m in Sources */,
				DE2C4B0B19DCB30100DF3DF7 /* InboxViewController.m in Sources */,
				DE5B17D219DCBA0300A92150 /* LoginViewController.m in Sources */,
			);
			runOnlyForDeploymentPostprocessing = 0;
		};
		DE2C4AF519DCB1EE00DF3DF7 /* Sources */ = {
			isa = PBXSourcesBuildPhase;
			buildActionMask = 2147483647;
			files = (
				DE2C4B0019DCB1EE00DF3DF7 /* RibbitTests.m in Sources */,
			);
			runOnlyForDeploymentPostprocessing = 0;
		};
/* End PBXSourcesBuildPhase section */

/* Begin PBXTargetDependency section */
		DE2C4AFB19DCB1EE00DF3DF7 /* PBXTargetDependency */ = {
			isa = PBXTargetDependency;
			target = DE2C4ADF19DCB1EE00DF3DF7 /* Ribbit */;
			targetProxy = DE2C4AFA19DCB1EE00DF3DF7 /* PBXContainerItemProxy */;
		};
/* End PBXTargetDependency section */

/* Begin PBXVariantGroup section */
		DE2C4AED19DCB1EE00DF3DF7 /* Main.storyboard */ = {
			isa = PBXVariantGroup;
			children = (
				DE2C4AEE19DCB1EE00DF3DF7 /* Base */,
			);
			name = Main.storyboard;
			sourceTree = "<group>";
		};
		DE2C4AF219DCB1EE00DF3DF7 /* LaunchScreen.xib */ = {
			isa = PBXVariantGroup;
			children = (
				DE2C4AF319DCB1EE00DF3DF7 /* Base */,
			);
			name = LaunchScreen.xib;
			sourceTree = "<group>";
		};
/* End PBXVariantGroup section */

/* Begin XCBuildConfiguration section */
		DE2C4B0119DCB1EE00DF3DF7 /* Debug */ = {
			isa = XCBuildConfiguration;
			buildSettings = {
				ALWAYS_SEARCH_USER_PATHS = NO;
				CLANG_CXX_LANGUAGE_STANDARD = "gnu++0x";
				CLANG_CXX_LIBRARY = "libc++";
				CLANG_ENABLE_MODULES = YES;
				CLANG_ENABLE_OBJC_ARC = YES;
				CLANG_WARN_BOOL_CONVERSION = YES;
				CLANG_WARN_CONSTANT_CONVERSION = YES;
				CLANG_WARN_DIRECT_OBJC_ISA_USAGE = YES_ERROR;
				CLANG_WARN_EMPTY_BODY = YES;
				CLANG_WARN_ENUM_CONVERSION = YES;
				CLANG_WARN_INT_CONVERSION = YES;
				CLANG_WARN_OBJC_ROOT_CLASS = YES_ERROR;
				CLANG_WARN_UNREACHABLE_CODE = YES;
				CLANG_WARN__DUPLICATE_METHOD_MATCH = YES;
				"CODE_SIGN_IDENTITY[sdk=iphoneos*]" = "iPhone Developer";
				COPY_PHASE_STRIP = NO;
				ENABLE_STRICT_OBJC_MSGSEND = YES;
				GCC_C_LANGUAGE_STANDARD = gnu99;
				GCC_DYNAMIC_NO_PIC = NO;
				GCC_OPTIMIZATION_LEVEL = 0;
				GCC_PREPROCESSOR_DEFINITIONS = (
					"DEBUG=1",
					"$(inherited)",
				);
				GCC_SYMBOLS_PRIVATE_EXTERN = NO;
				GCC_WARN_64_TO_32_BIT_CONVERSION = YES;
				GCC_WARN_ABOUT_RETURN_TYPE = YES_ERROR;
				GCC_WARN_UNDECLARED_SELECTOR = YES;
				GCC_WARN_UNINITIALIZED_AUTOS = YES_AGGRESSIVE;
				GCC_WARN_UNUSED_FUNCTION = YES;
				GCC_WARN_UNUSED_VARIABLE = YES;
				IPHONEOS_DEPLOYMENT_TARGET = 8.0;
				MTL_ENABLE_DEBUG_INFO = YES;
				ONLY_ACTIVE_ARCH = YES;
				SDKROOT = iphoneos;
			};
			name = Debug;
		};
		DE2C4B0219DCB1EE00DF3DF7 /* Release */ = {
			isa = XCBuildConfiguration;
			buildSettings = {
				ALWAYS_SEARCH_USER_PATHS = NO;
				CLANG_CXX_LANGUAGE_STANDARD = "gnu++0x";
				CLANG_CXX_LIBRARY = "libc++";
				CLANG_ENABLE_MODULES = YES;
				CLANG_ENABLE_OBJC_ARC = YES;
				CLANG_WARN_BOOL_CONVERSION = YES;
				CLANG_WARN_CONSTANT_CONVERSION = YES;
				CLANG_WARN_DIRECT_OBJC_ISA_USAGE = YES_ERROR;
				CLANG_WARN_EMPTY_BODY = YES;
				CLANG_WARN_ENUM_CONVERSION = YES;
				CLANG_WARN_INT_CONVERSION = YES;
				CLANG_WARN_OBJC_ROOT_CLASS = YES_ERROR;
				CLANG_WARN_UNREACHABLE_CODE = YES;
				CLANG_WARN__DUPLICATE_METHOD_MATCH = YES;
				"CODE_SIGN_IDENTITY[sdk=iphoneos*]" = "iPhone Developer";
				COPY_PHASE_STRIP = YES;
				ENABLE_NS_ASSERTIONS = NO;
				ENABLE_STRICT_OBJC_MSGSEND = YES;
				GCC_C_LANGUAGE_STANDARD = gnu99;
				GCC_WARN_64_TO_32_BIT_CONVERSION = YES;
				GCC_WARN_ABOUT_RETURN_TYPE = YES_ERROR;
				GCC_WARN_UNDECLARED_SELECTOR = YES;
				GCC_WARN_UNINITIALIZED_AUTOS = YES_AGGRESSIVE;
				GCC_WARN_UNUSED_FUNCTION = YES;
				GCC_WARN_UNUSED_VARIABLE = YES;
				IPHONEOS_DEPLOYMENT_TARGET = 8.0;
				MTL_ENABLE_DEBUG_INFO = NO;
				SDKROOT = iphoneos;
				VALIDATE_PRODUCT = YES;
			};
			name = Release;
		};
		DE2C4B0419DCB1EE00DF3DF7 /* Debug */ = {
			isa = XCBuildConfiguration;
			baseConfigurationReference = 41BD38F6F77057A6359D10E4 /* Pods.debug.xcconfig */;
			buildSettings = {
				ASSETCATALOG_COMPILER_APPICON_NAME = AppIcon;
				ASSETCATALOG_COMPILER_LAUNCHIMAGE_NAME = LaunchImage;
				FRAMEWORK_SEARCH_PATHS = (
					"$(inherited)",
					"$(PROJECT_DIR)",
				);
				INFOPLIST_FILE = Ribbit/Info.plist;
				IPHONEOS_DEPLOYMENT_TARGET = 8.0;
				LD_RUNPATH_SEARCH_PATHS = "$(inherited) @executable_path/Frameworks";
				PRODUCT_NAME = "$(TARGET_NAME)";
				TARGETED_DEVICE_FAMILY = 1;
			};
			name = Debug;
		};
		DE2C4B0519DCB1EE00DF3DF7 /* Release */ = {
			isa = XCBuildConfiguration;
			baseConfigurationReference = 1A0B48D14A95FA0A5430C1BD /* Pods.release.xcconfig */;
			buildSettings = {
				ASSETCATALOG_COMPILER_APPICON_NAME = AppIcon;
				ASSETCATALOG_COMPILER_LAUNCHIMAGE_NAME = LaunchImage;
				FRAMEWORK_SEARCH_PATHS = (
					"$(inherited)",
					"$(PROJECT_DIR)",
				);
				INFOPLIST_FILE = Ribbit/Info.plist;
				IPHONEOS_DEPLOYMENT_TARGET = 8.0;
				LD_RUNPATH_SEARCH_PATHS = "$(inherited) @executable_path/Frameworks";
				PRODUCT_NAME = "$(TARGET_NAME)";
				TARGETED_DEVICE_FAMILY = 1;
			};
			name = Release;
		};
		DE2C4B0719DCB1EE00DF3DF7 /* Debug */ = {
			isa = XCBuildConfiguration;
			buildSettings = {
				BUNDLE_LOADER = "$(TEST_HOST)";
				FRAMEWORK_SEARCH_PATHS = (
					"$(SDKROOT)/Developer/Library/Frameworks",
					"$(inherited)",
				);
				GCC_PREPROCESSOR_DEFINITIONS = (
					"DEBUG=1",
					"$(inherited)",
				);
				INFOPLIST_FILE = RibbitTests/Info.plist;
				LD_RUNPATH_SEARCH_PATHS = "$(inherited) @executable_path/Frameworks @loader_path/Frameworks";
				PRODUCT_NAME = "$(TARGET_NAME)";
				TEST_HOST = "$(BUILT_PRODUCTS_DIR)/Ribbit.app/Ribbit";
			};
			name = Debug;
		};
		DE2C4B0819DCB1EE00DF3DF7 /* Release */ = {
			isa = XCBuildConfiguration;
			buildSettings = {
				BUNDLE_LOADER = "$(TEST_HOST)";
				FRAMEWORK_SEARCH_PATHS = (
					"$(SDKROOT)/Developer/Library/Frameworks",
					"$(inherited)",
				);
				INFOPLIST_FILE = RibbitTests/Info.plist;
				LD_RUNPATH_SEARCH_PATHS = "$(inherited) @executable_path/Frameworks @loader_path/Frameworks";
				PRODUCT_NAME = "$(TARGET_NAME)";
				TEST_HOST = "$(BUILT_PRODUCTS_DIR)/Ribbit.app/Ribbit";
			};
			name = Release;
		};
/* End XCBuildConfiguration section */

/* Begin XCConfigurationList section */
		DE2C4ADB19DCB1EE00DF3DF7 /* Build configuration list for PBXProject "Ribbit" */ = {
			isa = XCConfigurationList;
			buildConfigurations = (
				DE2C4B0119DCB1EE00DF3DF7 /* Debug */,
				DE2C4B0219DCB1EE00DF3DF7 /* Release */,
			);
			defaultConfigurationIsVisible = 0;
			defaultConfigurationName = Release;
		};
		DE2C4B0319DCB1EE00DF3DF7 /* Build configuration list for PBXNativeTarget "Ribbit" */ = {
			isa = XCConfigurationList;
			buildConfigurations = (
				DE2C4B0419DCB1EE00DF3DF7 /* Debug */,
				DE2C4B0519DCB1EE00DF3DF7 /* Release */,
			);
			defaultConfigurationIsVisible = 0;
			defaultConfigurationName = Release;
		};
		DE2C4B0619DCB1EE00DF3DF7 /* Build configuration list for PBXNativeTarget "RibbitTests" */ = {
			isa = XCConfigurationList;
			buildConfigurations = (
				DE2C4B0719DCB1EE00DF3DF7 /* Debug */,
				DE2C4B0819DCB1EE00DF3DF7 /* Release */,
			);
			defaultConfigurationIsVisible = 0;
			defaultConfigurationName = Release;
		};
/* End XCConfigurationList section */
	};
	rootObject = DE2C4AD819DCB1EE00DF3DF7 /* Project object */;
}
